// !$*UTF8*$!
{
	archiveVersion = 1;
	classes = {
	};
	objectVersion = 46;
	objects = {

/* Begin PBXBuildFile section */
		CEC2EFCB1E15FA3C00130555 /* main.m in Sources */ = {isa = PBXBuildFile; fileRef = CEC2EFCA1E15FA3C00130555 /* main.m */; };
		CEC2EFCE1E15FA3C00130555 /* AppDelegate.m in Sources */ = {isa = PBXBuildFile; fileRef = CEC2EFCD1E15FA3C00130555 /* AppDelegate.m */; };
		CEC2EFD41E15FA3C00130555 /* Main.storyboard in Resources */ = {isa = PBXBuildFile; fileRef = CEC2EFD21E15FA3C00130555 /* Main.storyboard */; };
		CEC2EFD61E15FA3C00130555 /* Assets.xcassets in Resources */ = {isa = PBXBuildFile; fileRef = CEC2EFD51E15FA3C00130555 /* Assets.xcassets */; };
		CEC2EFD91E15FA3C00130555 /* LaunchScreen.storyboard in Resources */ = {isa = PBXBuildFile; fileRef = CEC2EFD71E15FA3C00130555 /* LaunchScreen.storyboard */; };
		CEC2EFE41E15FA3C00130555 /* HHColorPickerTests.m in Sources */ = {isa = PBXBuildFile; fileRef = CEC2EFE31E15FA3C00130555 /* HHColorPickerTests.m */; };
		CEC2EFEF1E15FA3C00130555 /* HHColorPickerUITests.m in Sources */ = {isa = PBXBuildFile; fileRef = CEC2EFEE1E15FA3C00130555 /* HHColorPickerUITests.m */; };
/* End PBXBuildFile section */

/* Begin PBXContainerItemProxy section */
		CEC2EFE01E15FA3C00130555 /* PBXContainerItemProxy */ = {
			isa = PBXContainerItemProxy;
			containerPortal = CEC2EFBE1E15FA3C00130555 /* Project object */;
			proxyType = 1;
			remoteGlobalIDString = CEC2EFC51E15FA3C00130555;
			remoteInfo = HHColorPicker;
		};
		CEC2EFEB1E15FA3C00130555 /* PBXContainerItemProxy */ = {
			isa = PBXContainerItemProxy;
			containerPortal = CEC2EFBE1E15FA3C00130555 /* Project object */;
			proxyType = 1;
			remoteGlobalIDString = CEC2EFC51E15FA3C00130555;
			remoteInfo = HHColorPicker;
		};
/* End PBXContainerItemProxy section */

/* Begin PBXFileReference section */
		CEC2EFC61E15FA3C00130555 /* HHColorPicker.app */ = {isa = PBXFileReference; explicitFileType = wrapper.application; includeInIndex = 0; path = HHColorPicker.app; sourceTree = BUILT_PRODUCTS_DIR; };
		CEC2EFCA1E15FA3C00130555 /* main.m */ = {isa = PBXFileReference; lastKnownFileType = sourcecode.c.objc; path = main.m; sourceTree = "<group>"; };
		CEC2EFCC1E15FA3C00130555 /* AppDelegate.h */ = {isa = PBXFileReference; lastKnownFileType = sourcecode.c.h; path = AppDelegate.h; sourceTree = "<group>"; };
		CEC2EFCD1E15FA3C00130555 /* AppDelegate.m */ = {isa = PBXFileReference; lastKnownFileType = sourcecode.c.objc; path = AppDelegate.m; sourceTree = "<group>"; };
		CEC2EFD31E15FA3C00130555 /* Base */ = {isa = PBXFileReference; lastKnownFileType = file.storyboard; name = Base; path = Base.lproj/Main.storyboard; sourceTree = "<group>"; };
		CEC2EFD51E15FA3C00130555 /* Assets.xcassets */ = {isa = PBXFileReference; lastKnownFileType = folder.assetcatalog; path = Assets.xcassets; sourceTree = "<group>"; };
		CEC2EFD81E15FA3C00130555 /* Base */ = {isa = PBXFileReference; lastKnownFileType = file.storyboard; name = Base; path = Base.lproj/LaunchScreen.storyboard; sourceTree = "<group>"; };
		CEC2EFDA1E15FA3C00130555 /* Info.plist */ = {isa = PBXFileReference; lastKnownFileType = text.plist.xml; path = Info.plist; sourceTree = "<group>"; };
		CEC2EFDF1E15FA3C00130555 /* HHColorPickerTests.xctest */ = {isa = PBXFileReference; explicitFileType = wrapper.cfbundle; includeInIndex = 0; path = HHColorPickerTests.xctest; sourceTree = BUILT_PRODUCTS_DIR; };
		CEC2EFE31E15FA3C00130555 /* HHColorPickerTests.m */ = {isa = PBXFileReference; lastKnownFileType = sourcecode.c.objc; path = HHColorPickerTests.m; sourceTree = "<group>"; };
		CEC2EFE51E15FA3C00130555 /* Info.plist */ = {isa = PBXFileReference; lastKnownFileType = text.plist.xml; path = Info.plist; sourceTree = "<group>"; };
		CEC2EFEA1E15FA3C00130555 /* HHColorPickerUITests.xctest */ = {isa = PBXFileReference; explicitFileType = wrapper.cfbundle; includeInIndex = 0; path = HHColorPickerUITests.xctest; sourceTree = BUILT_PRODUCTS_DIR; };
		CEC2EFEE1E15FA3C00130555 /* HHColorPickerUITests.m */ = {isa = PBXFileReference; lastKnownFileType = sourcecode.c.objc; path = HHColorPickerUITests.m; sourceTree = "<group>"; };
		CEC2EFF01E15FA3C00130555 /* Info.plist */ = {isa = PBXFileReference; lastKnownFileType = text.plist.xml; path = Info.plist; sourceTree = "<group>"; };
/* End PBXFileReference section */

/* Begin PBXFrameworksBuildPhase section */
		CEC2EFC31E15FA3C00130555 /* Frameworks */ = {
			isa = PBXFrameworksBuildPhase;
			buildActionMask = 2147483647;
			files = (
			);
			runOnlyForDeploymentPostprocessing = 0;
		};
		CEC2EFDC1E15FA3C00130555 /* Frameworks */ = {
			isa = PBXFrameworksBuildPhase;
			buildActionMask = 2147483647;
			files = (
			);
			runOnlyForDeploymentPostprocessing = 0;
		};
		CEC2EFE71E15FA3C00130555 /* Frameworks */ = {
			isa = PBXFrameworksBuildPhase;
			buildActionMask = 2147483647;
			files = (
			);
			runOnlyForDeploymentPostprocessing = 0;
		};
/* End PBXFrameworksBuildPhase section */

/* Begin PBXGroup section */
		CEC2EFBD1E15FA3C00130555 = {
			isa = PBXGroup;
			children = (
				CEC2EFC81E15FA3C00130555 /* HHColorPicker */,
				CEC2EFE21E15FA3C00130555 /* HHColorPickerTests */,
				CEC2EFED1E15FA3C00130555 /* HHColorPickerUITests */,
				CEC2EFC71E15FA3C00130555 /* Products */,
			);
			sourceTree = "<group>";
		};
		CEC2EFC71E15FA3C00130555 /* Products */ = {
			isa = PBXGroup;
			children = (
				CEC2EFC61E15FA3C00130555 /* HHColorPicker.app */,
				CEC2EFDF1E15FA3C00130555 /* HHColorPickerTests.xctest */,
				CEC2EFEA1E15FA3C00130555 /* HHColorPickerUITests.xctest */,
			);
			name = Products;
			sourceTree = "<group>";
		};
		CEC2EFC81E15FA3C00130555 /* HHColorPicker */ = {
			isa = PBXGroup;
			children = (
				CEC2EFCC1E15FA3C00130555 /* AppDelegate.h */,
				CEC2EFCD1E15FA3C00130555 /* AppDelegate.m */,
				CEC2EFD21E15FA3C00130555 /* Main.storyboard */,
				CEC2EFD51E15FA3C00130555 /* Assets.xcassets */,
				CEC2EFD71E15FA3C00130555 /* LaunchScreen.storyboard */,
				CEC2EFDA1E15FA3C00130555 /* Info.plist */,
				CEC2EFC91E15FA3C00130555 /* Supporting Files */,
			);
			path = HHColorPicker;
			sourceTree = "<group>";
		};
		CEC2EFC91E15FA3C00130555 /* Supporting Files */ = {
			isa = PBXGroup;
			children = (
				CEC2EFCA1E15FA3C00130555 /* main.m */,
			);
			name = "Supporting Files";
			sourceTree = "<group>";
		};
		CEC2EFE21E15FA3C00130555 /* HHColorPickerTests */ = {
			isa = PBXGroup;
			children = (
				CEC2EFE31E15FA3C00130555 /* HHColorPickerTests.m */,
				CEC2EFE51E15FA3C00130555 /* Info.plist */,
			);
			path = HHColorPickerTests;
			sourceTree = "<group>";
		};
		CEC2EFED1E15FA3C00130555 /* HHColorPickerUITests */ = {
			isa = PBXGroup;
			children = (
				CEC2EFEE1E15FA3C00130555 /* HHColorPickerUITests.m */,
				CEC2EFF01E15FA3C00130555 /* Info.plist */,
			);
			path = HHColorPickerUITests;
			sourceTree = "<group>";
		};
/* End PBXGroup section */

/* Begin PBXNativeTarget section */
		CEC2EFC51E15FA3C00130555 /* HHColorPicker */ = {
			isa = PBXNativeTarget;
			buildConfigurationList = CEC2EFF31E15FA3C00130555 /* Build configuration list for PBXNativeTarget "HHColorPicker" */;
			buildPhases = (
				CEC2EFC21E15FA3C00130555 /* Sources */,
				CEC2EFC31E15FA3C00130555 /* Frameworks */,
				CEC2EFC41E15FA3C00130555 /* Resources */,
			);
			buildRules = (
			);
			dependencies = (
			);
			name = HHColorPicker;
			productName = HHColorPicker;
			productReference = CEC2EFC61E15FA3C00130555 /* HHColorPicker.app */;
			productType = "com.apple.product-type.application";
		};
		CEC2EFDE1E15FA3C00130555 /* HHColorPickerTests */ = {
			isa = PBXNativeTarget;
			buildConfigurationList = CEC2EFF61E15FA3C00130555 /* Build configuration list for PBXNativeTarget "HHColorPickerTests" */;
			buildPhases = (
				CEC2EFDB1E15FA3C00130555 /* Sources */,
				CEC2EFDC1E15FA3C00130555 /* Frameworks */,
				CEC2EFDD1E15FA3C00130555 /* Resources */,
			);
			buildRules = (
			);
			dependencies = (
				CEC2EFE11E15FA3C00130555 /* PBXTargetDependency */,
			);
			name = HHColorPickerTests;
			productName = HHColorPickerTests;
			productReference = CEC2EFDF1E15FA3C00130555 /* HHColorPickerTests.xctest */;
			productType = "com.apple.product-type.bundle.unit-test";
		};
		CEC2EFE91E15FA3C00130555 /* HHColorPickerUITests */ = {
			isa = PBXNativeTarget;
			buildConfigurationList = CEC2EFF91E15FA3C00130555 /* Build configuration list for PBXNativeTarget "HHColorPickerUITests" */;
			buildPhases = (
				CEC2EFE61E15FA3C00130555 /* Sources */,
				CEC2EFE71E15FA3C00130555 /* Frameworks */,
				CEC2EFE81E15FA3C00130555 /* Resources */,
			);
			buildRules = (
			);
			dependencies = (
				CEC2EFEC1E15FA3C00130555 /* PBXTargetDependency */,
			);
			name = HHColorPickerUITests;
			productName = HHColorPickerUITests;
			productReference = CEC2EFEA1E15FA3C00130555 /* HHColorPickerUITests.xctest */;
			productType = "com.apple.product-type.bundle.ui-testing";
		};
/* End PBXNativeTarget section */

/* Begin PBXProject section */
		CEC2EFBE1E15FA3C00130555 /* Project object */ = {
			isa = PBXProject;
			attributes = {
				LastUpgradeCheck = 0820;
				ORGANIZATIONNAME = ME293;
				TargetAttributes = {
					CEC2EFC51E15FA3C00130555 = {
						CreatedOnToolsVersion = 8.2.1;
						ProvisioningStyle = Automatic;
					};
					CEC2EFDE1E15FA3C00130555 = {
						CreatedOnToolsVersion = 8.2.1;
						ProvisioningStyle = Automatic;
						TestTargetID = CEC2EFC51E15FA3C00130555;
					};
					CEC2EFE91E15FA3C00130555 = {
						CreatedOnToolsVersion = 8.2.1;
						ProvisioningStyle = Automatic;
						TestTargetID = CEC2EFC51E15FA3C00130555;
					};
				};
			};
			buildConfigurationList = CEC2EFC11E15FA3C00130555 /* Build configuration list for PBXProject "HHColorPicker" */;
			compatibilityVersion = "Xcode 3.2";
			developmentRegion = English;
			hasScannedForEncodings = 0;
			knownRegions = (
				en,
				Base,
			);
			mainGroup = CEC2EFBD1E15FA3C00130555;
			productRefGroup = CEC2EFC71E15FA3C00130555 /* Products */;
			projectDirPath = "";
			projectRoot = "";
			targets = (
				CEC2EFC51E15FA3C00130555 /* HHColorPicker */,
				CEC2EFDE1E15FA3C00130555 /* HHColorPickerTests */,
				CEC2EFE91E15FA3C00130555 /* HHColorPickerUITests */,
			);
		};
/* End PBXProject section */

/* Begin PBXResourcesBuildPhase section */
		CEC2EFC41E15FA3C00130555 /* Resources */ = {
			isa = PBXResourcesBuildPhase;
			buildActionMask = 2147483647;
			files = (
				CEC2EFD91E15FA3C00130555 /* LaunchScreen.storyboard in Resources */,
				CEC2EFD61E15FA3C00130555 /* Assets.xcassets in Resources */,
				CEC2EFD41E15FA3C00130555 /* Main.storyboard in Resources */,
			);
			runOnlyForDeploymentPostprocessing = 0;
		};
		CEC2EFDD1E15FA3C00130555 /* Resources */ = {
			isa = PBXResourcesBuildPhase;
			buildActionMask = 2147483647;
			files = (
			);
			runOnlyForDeploymentPostprocessing = 0;
		};
		CEC2EFE81E15FA3C00130555 /* Resources */ = {
			isa = PBXResourcesBuildPhase;
			buildActionMask = 2147483647;
			files = (
			);
			runOnlyForDeploymentPostprocessing = 0;
		};
/* End PBXResourcesBuildPhase section */

/* Begin PBXSourcesBuildPhase section */
		CEC2EFC21E15FA3C00130555 /* Sources */ = {
			isa = PBXSourcesBuildPhase;
			buildActionMask = 2147483647;
			files = (
				CEC2EFCE1E15FA3C00130555 /* AppDelegate.m in Sources */,
				CEC2EFCB1E15FA3C00130555 /* main.m in Sources */,
			);
			runOnlyForDeploymentPostprocessing = 0;
		};
		CEC2EFDB1E15FA3C00130555 /* Sources */ = {
			isa = PBXSourcesBuildPhase;
			buildActionMask = 2147483647;
			files = (
				CEC2EFE41E15FA3C00130555 /* HHColorPickerTests.m in Sources */,
			);
			runOnlyForDeploymentPostprocessing = 0;
		};
		CEC2EFE61E15FA3C00130555 /* Sources */ = {
			isa = PBXSourcesBuildPhase;
			buildActionMask = 2147483647;
			files = (
				CEC2EFEF1E15FA3C00130555 /* HHColorPickerUITests.m in Sources */,
			);
			runOnlyForDeploymentPostprocessing = 0;
		};
/* End PBXSourcesBuildPhase section */

/* Begin PBXTargetDependency section */
		CEC2EFE11E15FA3C00130555 /* PBXTargetDependency */ = {
			isa = PBXTargetDependency;
			target = CEC2EFC51E15FA3C00130555 /* HHColorPicker */;
			targetProxy = CEC2EFE01E15FA3C00130555 /* PBXContainerItemProxy */;
		};
		CEC2EFEC1E15FA3C00130555 /* PBXTargetDependency */ = {
			isa = PBXTargetDependency;
			target = CEC2EFC51E15FA3C00130555 /* HHColorPicker */;
			targetProxy = CEC2EFEB1E15FA3C00130555 /* PBXContainerItemProxy */;
		};
/* End PBXTargetDependency section */

/* Begin PBXVariantGroup section */
		CEC2EFD21E15FA3C00130555 /* Main.storyboard */ = {
			isa = PBXVariantGroup;
			children = (
				CEC2EFD31E15FA3C00130555 /* Base */,
			);
			name = Main.storyboard;
			sourceTree = "<group>";
		};
		CEC2EFD71E15FA3C00130555 /* LaunchScreen.storyboard */ = {
			isa = PBXVariantGroup;
			children = (
				CEC2EFD81E15FA3C00130555 /* Base */,
			);
			name = LaunchScreen.storyboard;
			sourceTree = "<group>";
		};
/* End PBXVariantGroup section */

/* Begin XCBuildConfiguration section */
		CEC2EFF11E15FA3C00130555 /* Debug */ = {
			isa = XCBuildConfiguration;
			buildSettings = {
				ALWAYS_SEARCH_USER_PATHS = NO;
				CLANG_ANALYZER_NONNULL = YES;
				CLANG_CXX_LANGUAGE_STANDARD = "gnu++0x";
				CLANG_CXX_LIBRARY = "libc++";
				CLANG_ENABLE_MODULES = YES;
				CLANG_ENABLE_OBJC_ARC = YES;
				CLANG_WARN_BOOL_CONVERSION = YES;
				CLANG_WARN_CONSTANT_CONVERSION = YES;
				CLANG_WARN_DIRECT_OBJC_ISA_USAGE = YES_ERROR;
				CLANG_WARN_DOCUMENTATION_COMMENTS = YES;
				CLANG_WARN_EMPTY_BODY = YES;
				CLANG_WARN_ENUM_CONVERSION = YES;
				CLANG_WARN_INFINITE_RECURSION = YES;
				CLANG_WARN_INT_CONVERSION = YES;
				CLANG_WARN_OBJC_ROOT_CLASS = YES_ERROR;
				CLANG_WARN_SUSPICIOUS_MOVE = YES;
				CLANG_WARN_UNREACHABLE_CODE = YES;
				CLANG_WARN__DUPLICATE_METHOD_MATCH = YES;
				"CODE_SIGN_IDENTITY[sdk=iphoneos*]" = "iPhone Developer";
				COPY_PHASE_STRIP = NO;
				DEBUG_INFORMATION_FORMAT = dwarf;
				ENABLE_STRICT_OBJC_MSGSEND = YES;
				ENABLE_TESTABILITY = YES;
				GCC_C_LANGUAGE_STANDARD = gnu99;
				GCC_DYNAMIC_NO_PIC = NO;
				GCC_NO_COMMON_BLOCKS = YES;
				GCC_OPTIMIZATION_LEVEL = 0;
				GCC_PREPROCESSOR_DEFINITIONS = (
					"DEBUG=1",
					"$(inherited)",
				);
				GCC_WARN_64_TO_32_BIT_CONVERSION = YES;
				GCC_WARN_ABOUT_RETURN_TYPE = YES_ERROR;
				GCC_WARN_UNDECLARED_SELECTOR = YES;
				GCC_WARN_UNINITIALIZED_AUTOS = YES_AGGRESSIVE;
				GCC_WARN_UNUSED_FUNCTION = YES;
				GCC_WARN_UNUSED_VARIABLE = YES;
				IPHONEOS_DEPLOYMENT_TARGET = 10.2;
				MTL_ENABLE_DEBUG_INFO = YES;
				ONLY_ACTIVE_ARCH = YES;
				SDKROOT = iphoneos;
			};
			name = Debug;
		};
		CEC2EFF21E15FA3C00130555 /* Release */ = {
			isa = XCBuildConfiguration;
			buildSettings = {
				ALWAYS_SEARCH_USER_PATHS = NO;
				CLANG_ANALYZER_NONNULL = YES;
				CLANG_CXX_LANGUAGE_STANDARD = "gnu++0x";
				CLANG_CXX_LIBRARY = "libc++";
				CLANG_ENABLE_MODULES = YES;
				CLANG_ENABLE_OBJC_ARC = YES;
				CLANG_WARN_BOOL_CONVERSION = YES;
				CLANG_WARN_CONSTANT_CONVERSION = YES;
				CLANG_WARN_DIRECT_OBJC_ISA_USAGE = YES_ERROR;
				CLANG_WARN_DOCUMENTATION_COMMENTS = YES;
				CLANG_WARN_EMPTY_BODY = YES;
				CLANG_WARN_ENUM_CONVERSION = YES;
				CLANG_WARN_INFINITE_RECURSION = YES;
				CLANG_WARN_INT_CONVERSION = YES;
				CLANG_WARN_OBJC_ROOT_CLASS = YES_ERROR;
				CLANG_WARN_SUSPICIOUS_MOVE = YES;
				CLANG_WARN_UNREACHABLE_CODE = YES;
				CLANG_WARN__DUPLICATE_METHOD_MATCH = YES;
				"CODE_SIGN_IDENTITY[sdk=iphoneos*]" = "iPhone Developer";
				COPY_PHASE_STRIP = NO;
				DEBUG_INFORMATION_FORMAT = "dwarf-with-dsym";
				ENABLE_NS_ASSERTIONS = NO;
				ENABLE_STRICT_OBJC_MSGSEND = YES;
				GCC_C_LANGUAGE_STANDARD = gnu99;
				GCC_NO_COMMON_BLOCKS = YES;
				GCC_WARN_64_TO_32_BIT_CONVERSION = YES;
				GCC_WARN_ABOUT_RETURN_TYPE = YES_ERROR;
				GCC_WARN_UNDECLARED_SELECTOR = YES;
				GCC_WARN_UNINITIALIZED_AUTOS = YES_AGGRESSIVE;
				GCC_WARN_UNUSED_FUNCTION = YES;
				GCC_WARN_UNUSED_VARIABLE = YES;
				IPHONEOS_DEPLOYMENT_TARGET = 10.2;
				MTL_ENABLE_DEBUG_INFO = NO;
				SDKROOT = iphoneos;
				VALIDATE_PRODUCT = YES;
			};
			name = Release;
		};
		CEC2EFF41E15FA3C00130555 /* Debug */ = {
			isa = XCBuildConfiguration;
			buildSettings = {
				ASSETCATALOG_COMPILER_APPICON_NAME = AppIcon;
				INFOPLIST_FILE = HHColorPicker/Info.plist;
				LD_RUNPATH_SEARCH_PATHS = "$(inherited) @executable_path/Frameworks";
				PRODUCT_BUNDLE_IDENTIFIER = Com.Education.HHColorPicker;
				PRODUCT_NAME = "$(TARGET_NAME)";
			};
			name = Debug;
		};
		CEC2EFF51E15FA3C00130555 /* Release */ = {
			isa = XCBuildConfiguration;
			buildSettings = {
				ASSETCATALOG_COMPILER_APPICON_NAME = AppIcon;
				INFOPLIST_FILE = HHColorPicker/Info.plist;
				LD_RUNPATH_SEARCH_PATHS = "$(inherited) @executable_path/Frameworks";
				PRODUCT_BUNDLE_IDENTIFIER = Com.Education.HHColorPicker;
				PRODUCT_NAME = "$(TARGET_NAME)";
			};
			name = Release;
		};
		CEC2EFF71E15FA3C00130555 /* Debug */ = {
			isa = XCBuildConfiguration;
			buildSettings = {
				BUNDLE_LOADER = "$(TEST_HOST)";
				INFOPLIST_FILE = HHColorPickerTests/Info.plist;
				LD_RUNPATH_SEARCH_PATHS = "$(inherited) @executable_path/Frameworks @loader_path/Frameworks";
				PRODUCT_BUNDLE_IDENTIFIER = Com.Education.HHColorPickerTests;
				PRODUCT_NAME = "$(TARGET_NAME)";
				TEST_HOST = "$(BUILT_PRODUCTS_DIR)/HHColorPicker.app/HHColorPicker";
			};
			name = Debug;
		};
		CEC2EFF81E15FA3C00130555 /* Release */ = {
			isa = XCBuildConfiguration;
			buildSettings = {
				BUNDLE_LOADER = "$(TEST_HOST)";
				INFOPLIST_FILE = HHColorPickerTests/Info.plist;
				LD_RUNPATH_SEARCH_PATHS = "$(inherited) @executable_path/Frameworks @loader_path/Frameworks";
				PRODUCT_BUNDLE_IDENTIFIER = Com.Education.HHColorPickerTests;
				PRODUCT_NAME = "$(TARGET_NAME)";
				TEST_HOST = "$(BUILT_PRODUCTS_DIR)/HHColorPicker.app/HHColorPicker";
			};
			name = Release;
		};
		CEC2EFFA1E15FA3C00130555 /* Debug */ = {
			isa = XCBuildConfiguration;
			buildSettings = {
				INFOPLIST_FILE = HHColorPickerUITests/Info.plist;
				LD_RUNPATH_SEARCH_PATHS = "$(inherited) @executable_path/Frameworks @loader_path/Frameworks";
				PRODUCT_BUNDLE_IDENTIFIER = Com.Education.HHColorPickerUITests;
				PRODUCT_NAME = "$(TARGET_NAME)";
				TEST_TARGET_NAME = HHColorPicker;
			};
			name = Debug;
		};
		CEC2EFFB1E15FA3C00130555 /* Release */ = {
			isa = XCBuildConfiguration;
			buildSettings = {
				INFOPLIST_FILE = HHColorPickerUITests/Info.plist;
				LD_RUNPATH_SEARCH_PATHS = "$(inherited) @executable_path/Frameworks @loader_path/Frameworks";
				PRODUCT_BUNDLE_IDENTIFIER = Com.Education.HHColorPickerUITests;
				PRODUCT_NAME = "$(TARGET_NAME)";
				TEST_TARGET_NAME = HHColorPicker;
			};
			name = Release;
		};
/* End XCBuildConfiguration section */

/* Begin XCConfigurationList section */
		CEC2EFC11E15FA3C00130555 /* Build configuration list for PBXProject "HHColorPicker" */ = {
			isa = XCConfigurationList;
			buildConfigurations = (
				CEC2EFF11E15FA3C00130555 /* Debug */,
				CEC2EFF21E15FA3C00130555 /* Release */,
			);
			defaultConfigurationIsVisible = 0;
			defaultConfigurationName = Release;
		};
		CEC2EFF31E15FA3C00130555 /* Build configuration list for PBXNativeTarget "HHColorPicker" */ = {
			isa = XCConfigurationList;
			buildConfigurations = (
				CEC2EFF41E15FA3C00130555 /* Debug */,
				CEC2EFF51E15FA3C00130555 /* Release */,
			);
			defaultConfigurationIsVisible = 0;
			defaultConfigurationName = Release;
		};
		CEC2EFF61E15FA3C00130555 /* Build configuration list for PBXNativeTarget "HHColorPickerTests" */ = {
			isa = XCConfigurationList;
			buildConfigurations = (
				CEC2EFF71E15FA3C00130555 /* Debug */,
				CEC2EFF81E15FA3C00130555 /* Release */,
			);
			defaultConfigurationIsVisible = 0;
			defaultConfigurationName = Release;
		};
		CEC2EFF91E15FA3C00130555 /* Build configuration list for PBXNativeTarget "HHColorPickerUITests" */ = {
			isa = XCConfigurationList;
			buildConfigurations = (
				CEC2EFFA1E15FA3C00130555 /* Debug */,
				CEC2EFFB1E15FA3C00130555 /* Release */,
			);
			defaultConfigurationIsVisible = 0;
			defaultConfigurationName = Release;
		};
/* End XCConfigurationList section */
	};
	rootObject = CEC2EFBE1E15FA3C00130555 /* Project object */;
}
